module.identity.aws_iam_group.developers: Refreshing state... [id=developers]
module.identity.data.aws_iam_policy_document.developers_policy: Reading...
module.identity.data.aws_iam_policy_document.developers_policy: Read complete after 0s [id=2813852899]

Terraform used the selected providers to generate the following execution
plan. Resource actions are indicated with the following symbols:
  + create

Terraform will perform the following actions:

  # module.identity.aws_iam_policy.developers_lambda_policy will be created
  + resource "aws_iam_policy" "developers_lambda_policy" {
      + arn         = (known after apply)
      + description = "xxx"
      + id          = (known after apply)
      + name        = "developers-lambda-policy"
      + name_prefix = (known after apply)
      + path        = "/"
      + policy      = jsonencode(
            {
              + Statement = [
                  + {
                      + Action   = [
                          + "lambda:Get*",
                          + "lambda:List*",
                          + "lambda:Create*",
                          + "lambda:Update*",
                          + "lambda:DeleteFunction",
                          + "lambda:PublishVersion",
                          + "lambda:CreateAlias",
                          + "lambda:UpdateAlias",
                          + "lambda:DeleteAlias",
                          + "lambda:GetFunctionConfiguration",
                          + "lambda:InvokeFunction",
                        ]
                      + Effect   = "Allow"
                      + Resource = "*"
                    },
                ]
              + Version   = "2012-10-17"
            }
        )
      + policy_id   = (known after apply)
      + tags        = {
          + "createdby" = "terraform"
        }
      + tags_all    = {
          + "createdby" = "terraform"
        }
    }

Plan: 1 to add, 0 to change, 0 to destroy.

Changes to Outputs:
  + iam_developers_group_lambda_policy_arn = (known after apply)

─────────────────────────────────────────────────────────────────────────────

Note: You didn't use the -out option to save this plan, so Terraform can't
guarantee to take exactly these actions if you run "terraform apply" now.
